{
  "originHash" : "43dc647cf7667ae07ab406b5127081e9d9e563a5e37481327f72beb0d918032d",
  "pins" : [
    {
      "identity" : "swift-assertions",
      "kind" : "remoteSourceControl",
      "location" : "https://github.com/aetherealtech/swift-assertions",
      "state" : {
        "revision" : "e66945f6db5372a5c615e974c534c0d89b76171c",
        "version" : "0.1.0"
      }
    },
    {
      "identity" : "swift-custom-dump",
      "kind" : "remoteSourceControl",
      "location" : "https://github.com/pointfreeco/swift-custom-dump",
      "state" : {
        "revision" : "82645ec760917961cfa08c9c0c7104a57a0fa4b1",
        "version" : "1.3.3"
      }
    },
    {
      "identity" : "xctest-dynamic-overlay",
      "kind" : "remoteSourceControl",
      "location" : "https://github.com/pointfreeco/xctest-dynamic-overlay",
      "state" : {
        "revision" : "770f990d3e4eececb57ac04a6076e22f8c97daeb",
        "version" : "1.4.2"
      }
    }
  ],
  "version" : 3
}
